PODS:
  - KingBaseCategory/NSObject+ (0.3.8)
  - KingBaseCategory/UIFont+ (0.3.8):
    - KingBaseCategory/NSObject+
  - MHCoreSVP (0.0.8):
    - KingBaseCategory/UIFont+
    - SVProgressHUD
  - SVProgressHUD (2.1.2)

DEPENDENCIES:
  - MHCoreSVP (from `../`)

EXTERNAL SOURCES:
  MHCoreSVP:
    :path: ../

SPEC CHECKSUMS:
  KingBaseCategory: dd0751fd5201bab2786feaf46a33c2a57fbfb3d5
  MHCoreSVP: 8a85285b56284773ee10e68b643c5077422d1bbf
  SVProgressHUD: c404a55d78acbeb7ebb78b76d3faf986475a6994

PODFILE CHECKSUM: 08678ddb5aae0be90cd38069a325ecb4ebf0c946

COCOAPODS: 1.1.1
