PODS:
  - KingBase (0.0.2)
  - KingBaseCategory/NSObject+ (0.2.7):
    - KingBase
  - KingBaseCategory/UIFont+ (0.2.7):
    - KingBase
    - KingBaseCategory/NSObject+
  - MHCoreSVP (0.0.1):
    - KingBaseCategory/UIFont+
    - SVProgressHUD
  - SVProgressHUD (2.1.2)

DEPENDENCIES:
  - MHCoreSVP

SPEC CHECKSUMS:
  KingBase: 05672aa84103cd5985874566bd6bf7ff96d4e37e
  KingBaseCategory: 641db1c0d21f855a3c574f02efea621abd2d6ecb
  MHCoreSVP: f090123c49596a4636e780e7dd7ccb598e7285ce
  SVProgressHUD: c404a55d78acbeb7ebb78b76d3faf986475a6994

PODFILE CHECKSUM: 651c10d0d68f76b1430abd3f51e92ea1bf6145e8

COCOAPODS: 1.1.1
